
Microsoft Visual Studio Solution File, Format Version 12.00
# Visual Studio 14
VisualStudioVersion = 14.0.25420.1
MinimumVisualStudioVersion = 10.0.40219.1
Project("{FAE04EC0-301F-11D3-BF4B-00C04F79EFBC}") = "DAL", "DAL\DAL.csproj", "{DD096445-1A2C-4845-8B40-0784AE041688}"
EndProject
Project("{FAE04EC0-301F-11D3-BF4B-00C04F79EFBC}") = "BLL", "BLL\BLL.csproj", "{C62C4489-541F-40B2-95C5-54CCCCCEA45C}"
EndProject
Project("{FAE04EC0-301F-11D3-BF4B-00C04F79EFBC}") = "MODEL", "MODEL\MODEL.csproj", "{9C93E3F2-B53E-408D-95EB-70E7155426A4}"
EndProject
Project("{E24C65DC-7377-472B-9ABA-BC803B73C61A}") = "UI", "UI\", "{23AE5555-3A81-4734-A18B-9572D9538757}"
	ProjectSection(WebsiteProperties) = preProject
		TargetFrameworkMoniker = ".NETFramework,Version%3Dv4.5.2"
		ProjectReferences = "{c62c4489-541f-40b2-95c5-54cccccea45c}|BLL.dll;{9c93e3f2-b53e-408d-95eb-70e7155426a4}|MODEL.dll;"
		Debug.AspNetCompiler.VirtualPath = "/localhost_57498"
		Debug.AspNetCompiler.PhysicalPath = "UI\"
		Debug.AspNetCompiler.TargetPath = "PrecompiledWeb\localhost_57498\"
		Debug.AspNetCompiler.Updateable = "true"
		Debug.AspNetCompiler.ForceOverwrite = "true"
		Debug.AspNetCompiler.FixedNames = "false"
		Debug.AspNetCompiler.Debug = "True"
		Release.AspNetCompiler.VirtualPath = "/localhost_57498"
		Release.AspNetCompiler.PhysicalPath = "UI\"
		Release.AspNetCompiler.TargetPath = "PrecompiledWeb\localhost_57498\"
		Release.AspNetCompiler.Updateable = "true"
		Release.AspNetCompiler.ForceOverwrite = "true"
		Release.AspNetCompiler.FixedNames = "false"
		Release.AspNetCompiler.Debug = "False"
		VWDPort = "57498"
		DefaultWebSiteLanguage = "Visual C#"
	EndProjectSection
EndProject
Global
	GlobalSection(SolutionConfigurationPlatforms) = preSolution
		Debug|Any CPU = Debug|Any CPU
		Release|Any CPU = Release|Any CPU
	EndGlobalSection
	GlobalSection(ProjectConfigurationPlatforms) = postSolution
		{DD096445-1A2C-4845-8B40-0784AE041688}.Debug|Any CPU.ActiveCfg = Debug|Any CPU
		{DD096445-1A2C-4845-8B40-0784AE041688}.Debug|Any CPU.Build.0 = Debug|Any CPU
		{DD096445-1A2C-4845-8B40-0784AE041688}.Release|Any CPU.ActiveCfg = Release|Any CPU
		{DD096445-1A2C-4845-8B40-0784AE041688}.Release|Any CPU.Build.0 = Release|Any CPU
		{C62C4489-541F-40B2-95C5-54CCCCCEA45C}.Debug|Any CPU.ActiveCfg = Debug|Any CPU
		{C62C4489-541F-40B2-95C5-54CCCCCEA45C}.Debug|Any CPU.Build.0 = Debug|Any CPU
		{C62C4489-541F-40B2-95C5-54CCCCCEA45C}.Release|Any CPU.ActiveCfg = Release|Any CPU
		{C62C4489-541F-40B2-95C5-54CCCCCEA45C}.Release|Any CPU.Build.0 = Release|Any CPU
		{9C93E3F2-B53E-408D-95EB-70E7155426A4}.Debug|Any CPU.ActiveCfg = Debug|Any CPU
		{9C93E3F2-B53E-408D-95EB-70E7155426A4}.Debug|Any CPU.Build.0 = Debug|Any CPU
		{9C93E3F2-B53E-408D-95EB-70E7155426A4}.Release|Any CPU.ActiveCfg = Release|Any CPU
		{9C93E3F2-B53E-408D-95EB-70E7155426A4}.Release|Any CPU.Build.0 = Release|Any CPU
		{23AE5555-3A81-4734-A18B-9572D9538757}.Debug|Any CPU.ActiveCfg = Debug|Any CPU
		{23AE5555-3A81-4734-A18B-9572D9538757}.Debug|Any CPU.Build.0 = Debug|Any CPU
		{23AE5555-3A81-4734-A18B-9572D9538757}.Release|Any CPU.ActiveCfg = Debug|Any CPU
		{23AE5555-3A81-4734-A18B-9572D9538757}.Release|Any CPU.Build.0 = Debug|Any CPU
	EndGlobalSection
	GlobalSection(SolutionProperties) = preSolution
		HideSolutionNode = FALSE
	EndGlobalSection
EndGlobal
